// !$*UTF8*$!
{
	archiveVersion = 1;
	classes = {
	};
	objectVersion = 52;
	objects = {

/* Begin PBXBuildFile section */
		41221E1424892C120095A49F /* AuthorizationViewController.swift in Sources */ = {isa = PBXBuildFile; fileRef = 41B0F1262484103E00C3B895 /* AuthorizationViewController.swift */; };
		412D72D324868BB700C3977F /* KeychainService.swift in Sources */ = {isa = PBXBuildFile; fileRef = 412D72D224868BB700C3977F /* KeychainService.swift */; };
		4153E766249D47B8005C2F63 /* AlertController.swift in Sources */ = {isa = PBXBuildFile; fileRef = 4153E765249D47B8005C2F63 /* AlertController.swift */; };
		4156F27A229D9A2100E5FBDF /* NewPostDescriptionController.swift in Sources */ = {isa = PBXBuildFile; fileRef = 4156F279229D9A2000E5FBDF /* NewPostDescriptionController.swift */; };
		4161702F2489285E0063C224 /* FeedViewController.swift in Sources */ = {isa = PBXBuildFile; fileRef = 455F7C2621865C880083F364 /* FeedViewController.swift */; };
		419C9C6922C156CB0008209A /* Posts.swift in Sources */ = {isa = PBXBuildFile; fileRef = 419C9C6822C156CB0008209A /* Posts.swift */; };
		419C9C6B22C246430008209A /* UICollectionView+Extensions.swift in Sources */ = {isa = PBXBuildFile; fileRef = 419C9C6A22C246430008209A /* UICollectionView+Extensions.swift */; };
		41B0F125248403AF00C3B895 /* NetworkService.swift in Sources */ = {isa = PBXBuildFile; fileRef = 41B0F124248403AE00C3B895 /* NetworkService.swift */; };
		41DA4235249106B70001A569 /* SecureStorableService.swift in Sources */ = {isa = PBXBuildFile; fileRef = 41DA4234249106B70001A569 /* SecureStorableService.swift */; };
		41DA425924957A220001A569 /* new in Resources */ = {isa = PBXBuildFile; fileRef = 41DA425824957A220001A569 /* new */; };
		41DA426D249A52000001A569 /* Kingfisher in Frameworks */ = {isa = PBXBuildFile; productRef = 41DA426C249A52000001A569 /* Kingfisher */; };
		450B4B1D2190B24C00B91199 /* FeedTableViewCell.xib in Resources */ = {isa = PBXBuildFile; fileRef = 450B4B1C2190B24C00B91199 /* FeedTableViewCell.xib */; };
		450B4B1F2190BC3600B91199 /* FeedTableViewCell.swift in Sources */ = {isa = PBXBuildFile; fileRef = 450B4B1E2190BC3600B91199 /* FeedTableViewCell.swift */; };
		4519E3682253CC670046F9C5 /* NewPhotoController.swift in Sources */ = {isa = PBXBuildFile; fileRef = 4519E3672253CC670046F9C5 /* NewPhotoController.swift */; };
		451CE210225D125E00D1370D /* FilterImageOperation.swift in Sources */ = {isa = PBXBuildFile; fileRef = 451CE20F225D125E00D1370D /* FilterImageOperation.swift */; };
		451CE212225D1CC600D1370D /* FiltersListController.swift in Sources */ = {isa = PBXBuildFile; fileRef = 451CE211225D1CC600D1370D /* FiltersListController.swift */; };
		4522929D22450E9000935FDB /* Spinner.swift in Sources */ = {isa = PBXBuildFile; fileRef = 4522929C22450E9000935FDB /* Spinner.swift */; };
		455F7C252186587D0083F364 /* Main.storyboard in Resources */ = {isa = PBXBuildFile; fileRef = 455F7C242186587D0083F364 /* Main.storyboard */; };
		455F7C2921865C980083F364 /* ProfileViewController.swift in Sources */ = {isa = PBXBuildFile; fileRef = 455F7C2821865C980083F364 /* ProfileViewController.swift */; };
		455F7C2D21903E970083F364 /* Launch Screen.storyboard in Resources */ = {isa = PBXBuildFile; fileRef = 455F7C2C21903E970083F364 /* Launch Screen.storyboard */; };
		45F987D121978BF00001CA69 /* PhotoCollectionViewCell.swift in Sources */ = {isa = PBXBuildFile; fileRef = 45F987D021978BF00001CA69 /* PhotoCollectionViewCell.swift */; };
		45F987D321978BFE0001CA69 /* PhotoCollectionViewCell.xib in Resources */ = {isa = PBXBuildFile; fileRef = 45F987D221978BFE0001CA69 /* PhotoCollectionViewCell.xib */; };
		45F987D721981DA40001CA69 /* HeaderCollectionViewCell.swift in Sources */ = {isa = PBXBuildFile; fileRef = 45F987D621981DA40001CA69 /* HeaderCollectionViewCell.swift */; };
		45F987D921981DB00001CA69 /* HeaderCollectionViewCell.xib in Resources */ = {isa = PBXBuildFile; fileRef = 45F987D821981DB00001CA69 /* HeaderCollectionViewCell.xib */; };
		45F987DB219950080001CA69 /* UserListController.swift in Sources */ = {isa = PBXBuildFile; fileRef = 45F987DA219950080001CA69 /* UserListController.swift */; };
		45F987E021999EDF0001CA69 /* UserListCell.swift in Sources */ = {isa = PBXBuildFile; fileRef = 45F987DF21999EDF0001CA69 /* UserListCell.swift */; };
		45F987E221999EEB0001CA69 /* UserListCell.xib in Resources */ = {isa = PBXBuildFile; fileRef = 45F987E121999EEB0001CA69 /* UserListCell.xib */; };
		45FD62442261EC9100862510 /* FiltersListCollectionViewCell.swift in Sources */ = {isa = PBXBuildFile; fileRef = 45FD62432261EC9100862510 /* FiltersListCollectionViewCell.swift */; };
		45FD62462261ECDA00862510 /* FiltersListCollectionViewCell.xib in Resources */ = {isa = PBXBuildFile; fileRef = 45FD62452261ECDA00862510 /* FiltersListCollectionViewCell.xib */; };
		45FD62482262280D00862510 /* Filters.swift in Sources */ = {isa = PBXBuildFile; fileRef = 45FD62472262280D00862510 /* Filters.swift */; };
		74B79258202B3254006BCB41 /* AppDelegate.swift in Sources */ = {isa = PBXBuildFile; fileRef = 74B79257202B3254006BCB41 /* AppDelegate.swift */; };
		74B7925F202B3254006BCB41 /* Assets.xcassets in Resources */ = {isa = PBXBuildFile; fileRef = 74B7925E202B3254006BCB41 /* Assets.xcassets */; };
/* End PBXBuildFile section */

/* Begin PBXCopyFilesBuildPhase section */
		41DA426B249A51790001A569 /* Embed Frameworks */ = {
			isa = PBXCopyFilesBuildPhase;
			buildActionMask = 2147483647;
			dstPath = "";
			dstSubfolderSpec = 10;
			files = (
			);
			name = "Embed Frameworks";
			runOnlyForDeploymentPostprocessing = 0;
		};
/* End PBXCopyFilesBuildPhase section */

/* Begin PBXFileReference section */
		412D72D224868BB700C3977F /* KeychainService.swift */ = {isa = PBXFileReference; lastKnownFileType = sourcecode.swift; path = KeychainService.swift; sourceTree = "<group>"; };
		4153E765249D47B8005C2F63 /* AlertController.swift */ = {isa = PBXFileReference; lastKnownFileType = sourcecode.swift; path = AlertController.swift; sourceTree = "<group>"; };
		4156F279229D9A2000E5FBDF /* NewPostDescriptionController.swift */ = {isa = PBXFileReference; lastKnownFileType = sourcecode.swift; path = NewPostDescriptionController.swift; sourceTree = "<group>"; };
		419C9C6822C156CB0008209A /* Posts.swift */ = {isa = PBXFileReference; lastKnownFileType = sourcecode.swift; path = Posts.swift; sourceTree = "<group>"; };
		419C9C6A22C246430008209A /* UICollectionView+Extensions.swift */ = {isa = PBXFileReference; lastKnownFileType = sourcecode.swift; path = "UICollectionView+Extensions.swift"; sourceTree = "<group>"; };
		41B0F124248403AE00C3B895 /* NetworkService.swift */ = {isa = PBXFileReference; fileEncoding = 4; lastKnownFileType = sourcecode.swift; path = NetworkService.swift; sourceTree = "<group>"; };
		41B0F1262484103E00C3B895 /* AuthorizationViewController.swift */ = {isa = PBXFileReference; fileEncoding = 4; lastKnownFileType = sourcecode.swift; path = AuthorizationViewController.swift; sourceTree = "<group>"; };
		41DA4234249106B70001A569 /* SecureStorableService.swift */ = {isa = PBXFileReference; lastKnownFileType = sourcecode.swift; path = SecureStorableService.swift; sourceTree = "<group>"; };
		41DA425824957A220001A569 /* new */ = {isa = PBXFileReference; lastKnownFileType = folder; path = new; sourceTree = "<group>"; };
		41DA425B249A44570001A569 /* Kingfisher.framework */ = {isa = PBXFileReference; lastKnownFileType = wrapper.framework; name = Kingfisher.framework; path = Carthage/Build/iOS/Kingfisher.framework; sourceTree = "<group>"; };
		450B4B1C2190B24C00B91199 /* FeedTableViewCell.xib */ = {isa = PBXFileReference; lastKnownFileType = file.xib; path = FeedTableViewCell.xib; sourceTree = "<group>"; };
		450B4B1E2190BC3600B91199 /* FeedTableViewCell.swift */ = {isa = PBXFileReference; lastKnownFileType = sourcecode.swift; path = FeedTableViewCell.swift; sourceTree = "<group>"; };
		4519E3672253CC670046F9C5 /* NewPhotoController.swift */ = {isa = PBXFileReference; lastKnownFileType = sourcecode.swift; path = NewPhotoController.swift; sourceTree = "<group>"; };
		451CE20F225D125E00D1370D /* FilterImageOperation.swift */ = {isa = PBXFileReference; lastKnownFileType = sourcecode.swift; path = FilterImageOperation.swift; sourceTree = "<group>"; };
		451CE211225D1CC600D1370D /* FiltersListController.swift */ = {isa = PBXFileReference; lastKnownFileType = sourcecode.swift; path = FiltersListController.swift; sourceTree = "<group>"; };
		4522929C22450E9000935FDB /* Spinner.swift */ = {isa = PBXFileReference; lastKnownFileType = sourcecode.swift; path = Spinner.swift; sourceTree = "<group>"; };
		455F7C242186587D0083F364 /* Main.storyboard */ = {isa = PBXFileReference; lastKnownFileType = file.storyboard; path = Main.storyboard; sourceTree = "<group>"; };
		455F7C2621865C880083F364 /* FeedViewController.swift */ = {isa = PBXFileReference; lastKnownFileType = sourcecode.swift; path = FeedViewController.swift; sourceTree = "<group>"; };
		455F7C2821865C980083F364 /* ProfileViewController.swift */ = {isa = PBXFileReference; lastKnownFileType = sourcecode.swift; path = ProfileViewController.swift; sourceTree = "<group>"; };
		455F7C2C21903E970083F364 /* Launch Screen.storyboard */ = {isa = PBXFileReference; fileEncoding = 4; lastKnownFileType = file.storyboard; path = "Launch Screen.storyboard"; sourceTree = "<group>"; };
		45F987D021978BF00001CA69 /* PhotoCollectionViewCell.swift */ = {isa = PBXFileReference; lastKnownFileType = sourcecode.swift; path = PhotoCollectionViewCell.swift; sourceTree = "<group>"; };
		45F987D221978BFE0001CA69 /* PhotoCollectionViewCell.xib */ = {isa = PBXFileReference; lastKnownFileType = file.xib; path = PhotoCollectionViewCell.xib; sourceTree = "<group>"; };
		45F987D621981DA40001CA69 /* HeaderCollectionViewCell.swift */ = {isa = PBXFileReference; lastKnownFileType = sourcecode.swift; path = HeaderCollectionViewCell.swift; sourceTree = "<group>"; };
		45F987D821981DB00001CA69 /* HeaderCollectionViewCell.xib */ = {isa = PBXFileReference; lastKnownFileType = file.xib; path = HeaderCollectionViewCell.xib; sourceTree = "<group>"; };
		45F987DA219950080001CA69 /* UserListController.swift */ = {isa = PBXFileReference; lastKnownFileType = sourcecode.swift; path = UserListController.swift; sourceTree = "<group>"; };
		45F987DF21999EDF0001CA69 /* UserListCell.swift */ = {isa = PBXFileReference; lastKnownFileType = sourcecode.swift; path = UserListCell.swift; sourceTree = "<group>"; };
		45F987E121999EEB0001CA69 /* UserListCell.xib */ = {isa = PBXFileReference; lastKnownFileType = file.xib; path = UserListCell.xib; sourceTree = "<group>"; };
		45FD62432261EC9100862510 /* FiltersListCollectionViewCell.swift */ = {isa = PBXFileReference; lastKnownFileType = sourcecode.swift; path = FiltersListCollectionViewCell.swift; sourceTree = "<group>"; };
		45FD62452261ECDA00862510 /* FiltersListCollectionViewCell.xib */ = {isa = PBXFileReference; lastKnownFileType = file.xib; path = FiltersListCollectionViewCell.xib; sourceTree = "<group>"; };
		45FD62472262280D00862510 /* Filters.swift */ = {isa = PBXFileReference; lastKnownFileType = sourcecode.swift; path = Filters.swift; sourceTree = "<group>"; };
		74B79254202B3254006BCB41 /* Course3FinalTask.app */ = {isa = PBXFileReference; explicitFileType = wrapper.application; includeInIndex = 0; path = Course3FinalTask.app; sourceTree = BUILT_PRODUCTS_DIR; };
		74B79257202B3254006BCB41 /* AppDelegate.swift */ = {isa = PBXFileReference; lastKnownFileType = sourcecode.swift; path = AppDelegate.swift; sourceTree = "<group>"; };
		74B7925E202B3254006BCB41 /* Assets.xcassets */ = {isa = PBXFileReference; lastKnownFileType = folder.assetcatalog; path = Assets.xcassets; sourceTree = "<group>"; };
		74B79263202B3254006BCB41 /* Info.plist */ = {isa = PBXFileReference; lastKnownFileType = text.plist.xml; path = Info.plist; sourceTree = "<group>"; };
/* End PBXFileReference section */

/* Begin PBXFrameworksBuildPhase section */
		74B79251202B3254006BCB41 /* Frameworks */ = {
			isa = PBXFrameworksBuildPhase;
			buildActionMask = 2147483647;
			files = (
				41DA426D249A52000001A569 /* Kingfisher in Frameworks */,
			);
			runOnlyForDeploymentPostprocessing = 0;
		};
/* End PBXFrameworksBuildPhase section */

/* Begin PBXGroup section */
		41B0F1282484106B00C3B895 /* Authorization */ = {
			isa = PBXGroup;
			children = (
				41B0F1262484103E00C3B895 /* AuthorizationViewController.swift */,
			);
			path = Authorization;
			sourceTree = "<group>";
		};
		41DA425A249A44560001A569 /* Frameworks */ = {
			isa = PBXGroup;
			children = (
				41DA425B249A44570001A569 /* Kingfisher.framework */,
			);
			name = Frameworks;
			sourceTree = "<group>";
		};
		4519E3692253CC700046F9C5 /* New Post */ = {
			isa = PBXGroup;
			children = (
				4519E3672253CC670046F9C5 /* NewPhotoController.swift */,
				451CE211225D1CC600D1370D /* FiltersListController.swift */,
				45FD62472262280D00862510 /* Filters.swift */,
				451CE20F225D125E00D1370D /* FilterImageOperation.swift */,
				45FD62432261EC9100862510 /* FiltersListCollectionViewCell.swift */,
				45FD62452261ECDA00862510 /* FiltersListCollectionViewCell.xib */,
				4156F279229D9A2000E5FBDF /* NewPostDescriptionController.swift */,
			);
			path = "New Post";
			sourceTree = "<group>";
		};
		45F987DC219950220001CA69 /* Feed */ = {
			isa = PBXGroup;
			children = (
				455F7C2621865C880083F364 /* FeedViewController.swift */,
				450B4B1C2190B24C00B91199 /* FeedTableViewCell.xib */,
				450B4B1E2190BC3600B91199 /* FeedTableViewCell.swift */,
			);
			path = Feed;
			sourceTree = "<group>";
		};
		45F987DD219950360001CA69 /* Profile */ = {
			isa = PBXGroup;
			children = (
				455F7C2821865C980083F364 /* ProfileViewController.swift */,
				45F987D021978BF00001CA69 /* PhotoCollectionViewCell.swift */,
				45F987D221978BFE0001CA69 /* PhotoCollectionViewCell.xib */,
				45F987D621981DA40001CA69 /* HeaderCollectionViewCell.swift */,
				45F987D821981DB00001CA69 /* HeaderCollectionViewCell.xib */,
			);
			path = Profile;
			sourceTree = "<group>";
		};
		45F987DE2199504B0001CA69 /* User List */ = {
			isa = PBXGroup;
			children = (
				45F987DA219950080001CA69 /* UserListController.swift */,
				45F987DF21999EDF0001CA69 /* UserListCell.swift */,
				45F987E121999EEB0001CA69 /* UserListCell.xib */,
			);
			path = "User List";
			sourceTree = "<group>";
		};
		74B7924B202B3254006BCB41 = {
			isa = PBXGroup;
			children = (
				74B79256202B3254006BCB41 /* Course3FinalTask */,
				74B79255202B3254006BCB41 /* Products */,
				41DA425A249A44560001A569 /* Frameworks */,
			);
			sourceTree = "<group>";
		};
		74B79255202B3254006BCB41 /* Products */ = {
			isa = PBXGroup;
			children = (
				74B79254202B3254006BCB41 /* Course3FinalTask.app */,
			);
			name = Products;
			sourceTree = "<group>";
		};
		74B79256202B3254006BCB41 /* Course3FinalTask */ = {
			isa = PBXGroup;
			children = (
				74B7927B202B3427006BCB41 /* Code */,
				74B7927C202B342E006BCB41 /* Resources */,
				74B7927D202B3434006BCB41 /* Supporting Files */,
			);
			path = Course3FinalTask;
			sourceTree = "<group>";
		};
		74B7927B202B3427006BCB41 /* Code */ = {
			isa = PBXGroup;
			children = (
				74B79257202B3254006BCB41 /* AppDelegate.swift */,
				455F7C2C21903E970083F364 /* Launch Screen.storyboard */,
				455F7C242186587D0083F364 /* Main.storyboard */,
				4522929C22450E9000935FDB /* Spinner.swift */,
				4153E765249D47B8005C2F63 /* AlertController.swift */,
				419C9C6822C156CB0008209A /* Posts.swift */,
				41B0F124248403AE00C3B895 /* NetworkService.swift */,
				41DA4234249106B70001A569 /* SecureStorableService.swift */,
				412D72D224868BB700C3977F /* KeychainService.swift */,
				419C9C6A22C246430008209A /* UICollectionView+Extensions.swift */,
				41B0F1282484106B00C3B895 /* Authorization */,
				45F987DC219950220001CA69 /* Feed */,
				45F987DD219950360001CA69 /* Profile */,
				45F987DE2199504B0001CA69 /* User List */,
				4519E3692253CC700046F9C5 /* New Post */,
			);
			path = Code;
			sourceTree = "<group>";
		};
		74B7927C202B342E006BCB41 /* Resources */ = {
			isa = PBXGroup;
			children = (
				41DA425824957A220001A569 /* new */,
				74B7925E202B3254006BCB41 /* Assets.xcassets */,
			);
			path = Resources;
			sourceTree = "<group>";
		};
		74B7927D202B3434006BCB41 /* Supporting Files */ = {
			isa = PBXGroup;
			children = (
				74B79263202B3254006BCB41 /* Info.plist */,
			);
			path = "Supporting Files";
			sourceTree = "<group>";
		};
/* End PBXGroup section */

/* Begin PBXNativeTarget section */
		74B79253202B3254006BCB41 /* Course3FinalTask */ = {
			isa = PBXNativeTarget;
			buildConfigurationList = 74B79266202B3254006BCB41 /* Build configuration list for PBXNativeTarget "Course3FinalTask" */;
			buildPhases = (
				74B79250202B3254006BCB41 /* Sources */,
				74B79251202B3254006BCB41 /* Frameworks */,
				74B79252202B3254006BCB41 /* Resources */,
				41DA425E249A45110001A569 /* ShellScript */,
				41DA426B249A51790001A569 /* Embed Frameworks */,
			);
			buildRules = (
			);
			dependencies = (
			);
			name = Course3FinalTask;
			packageProductDependencies = (
				41DA426C249A52000001A569 /* Kingfisher */,
			);
			productName = Course2Week3FinalTask;
			productReference = 74B79254202B3254006BCB41 /* Course3FinalTask.app */;
			productType = "com.apple.product-type.application";
		};
/* End PBXNativeTarget section */

/* Begin PBXProject section */
		74B7924C202B3254006BCB41 /* Project object */ = {
			isa = PBXProject;
			attributes = {
				LastSwiftUpdateCheck = 0920;
				LastUpgradeCheck = 1020;
				ORGANIZATIONNAME = "e-Legion";
				TargetAttributes = {
					74B79253202B3254006BCB41 = {
						CreatedOnToolsVersion = 9.2;
						LastSwiftMigration = 1150;
						ProvisioningStyle = Automatic;
					};
				};
			};
			buildConfigurationList = 74B7924F202B3254006BCB41 /* Build configuration list for PBXProject "Course3FinalTask" */;
			compatibilityVersion = "Xcode 8.0";
			developmentRegion = en;
			hasScannedForEncodings = 0;
			knownRegions = (
				en,
				Base,
			);
			mainGroup = 74B7924B202B3254006BCB41;
			packageReferences = (
				41DA425F249A4CB30001A569 /* XCRemoteSwiftPackageReference "Kingfisher" */,
			);
			productRefGroup = 74B79255202B3254006BCB41 /* Products */;
			projectDirPath = "";
			projectRoot = "";
			targets = (
				74B79253202B3254006BCB41 /* Course3FinalTask */,
			);
		};
/* End PBXProject section */

/* Begin PBXResourcesBuildPhase section */
		74B79252202B3254006BCB41 /* Resources */ = {
			isa = PBXResourcesBuildPhase;
			buildActionMask = 2147483647;
			files = (
				41DA425924957A220001A569 /* new in Resources */,
				455F7C2D21903E970083F364 /* Launch Screen.storyboard in Resources */,
				45F987E221999EEB0001CA69 /* UserListCell.xib in Resources */,
				45FD62462261ECDA00862510 /* FiltersListCollectionViewCell.xib in Resources */,
				450B4B1D2190B24C00B91199 /* FeedTableViewCell.xib in Resources */,
				74B7925F202B3254006BCB41 /* Assets.xcassets in Resources */,
				45F987D321978BFE0001CA69 /* PhotoCollectionViewCell.xib in Resources */,
				455F7C252186587D0083F364 /* Main.storyboard in Resources */,
				45F987D921981DB00001CA69 /* HeaderCollectionViewCell.xib in Resources */,
			);
			runOnlyForDeploymentPostprocessing = 0;
		};
/* End PBXResourcesBuildPhase section */

/* Begin PBXShellScriptBuildPhase section */
		41DA425E249A45110001A569 /* ShellScript */ = {
			isa = PBXShellScriptBuildPhase;
			buildActionMask = 2147483647;
			files = (
			);
			inputFileListPaths = (
			);
			inputPaths = (
				"$(SRCROOT)/Carthage/Build/iOS/Kingfisher.framework",
			);
			outputFileListPaths = (
			);
			outputPaths = (
				"$(BUILT_PRODUCTS_DIR)/$(FRAMEWORKS_FOLDER_PATH)/Kingfisher.framework",
			);
			runOnlyForDeploymentPostprocessing = 0;
			shellPath = /bin/sh;
			shellScript = "# Type a script or drag a script file from your workspace to insert its path.\n/usr/local/bin/carthage copy-frameworks\n";
		};
/* End PBXShellScriptBuildPhase section */

/* Begin PBXSourcesBuildPhase section */
		74B79250202B3254006BCB41 /* Sources */ = {
			isa = PBXSourcesBuildPhase;
			buildActionMask = 2147483647;
			files = (
				41221E1424892C120095A49F /* AuthorizationViewController.swift in Sources */,
				419C9C6B22C246430008209A /* UICollectionView+Extensions.swift in Sources */,
				45F987E021999EDF0001CA69 /* UserListCell.swift in Sources */,
				4522929D22450E9000935FDB /* Spinner.swift in Sources */,
				4153E766249D47B8005C2F63 /* AlertController.swift in Sources */,
				45FD62442261EC9100862510 /* FiltersListCollectionViewCell.swift in Sources */,
				455F7C2921865C980083F364 /* ProfileViewController.swift in Sources */,
				4519E3682253CC670046F9C5 /* NewPhotoController.swift in Sources */,
				450B4B1F2190BC3600B91199 /* FeedTableViewCell.swift in Sources */,
				45FD62482262280D00862510 /* Filters.swift in Sources */,
				41DA4235249106B70001A569 /* SecureStorableService.swift in Sources */,
				451CE212225D1CC600D1370D /* FiltersListController.swift in Sources */,
				419C9C6922C156CB0008209A /* Posts.swift in Sources */,
				41B0F125248403AF00C3B895 /* NetworkService.swift in Sources */,
				4156F27A229D9A2100E5FBDF /* NewPostDescriptionController.swift in Sources */,
				412D72D324868BB700C3977F /* KeychainService.swift in Sources */,
				45F987D721981DA40001CA69 /* HeaderCollectionViewCell.swift in Sources */,
				74B79258202B3254006BCB41 /* AppDelegate.swift in Sources */,
				45F987DB219950080001CA69 /* UserListController.swift in Sources */,
				4161702F2489285E0063C224 /* FeedViewController.swift in Sources */,
				451CE210225D125E00D1370D /* FilterImageOperation.swift in Sources */,
				45F987D121978BF00001CA69 /* PhotoCollectionViewCell.swift in Sources */,
			);
			runOnlyForDeploymentPostprocessing = 0;
		};
/* End PBXSourcesBuildPhase section */

/* Begin XCBuildConfiguration section */
		74B79264202B3254006BCB41 /* Debug */ = {
			isa = XCBuildConfiguration;
			buildSettings = {
				ALWAYS_SEARCH_USER_PATHS = NO;
				BUILD_LIBRARY_FOR_DISTRIBUTION = YES;
				CLANG_ANALYZER_NONNULL = YES;
				CLANG_ANALYZER_NUMBER_OBJECT_CONVERSION = YES_AGGRESSIVE;
				CLANG_CXX_LANGUAGE_STANDARD = "gnu++14";
				CLANG_CXX_LIBRARY = "libc++";
				CLANG_ENABLE_MODULES = YES;
				CLANG_ENABLE_OBJC_ARC = YES;
				CLANG_WARN_BLOCK_CAPTURE_AUTORELEASING = YES;
				CLANG_WARN_BOOL_CONVERSION = YES;
				CLANG_WARN_COMMA = YES;
				CLANG_WARN_CONSTANT_CONVERSION = YES;
				CLANG_WARN_DEPRECATED_OBJC_IMPLEMENTATIONS = YES;
				CLANG_WARN_DIRECT_OBJC_ISA_USAGE = YES_ERROR;
				CLANG_WARN_DOCUMENTATION_COMMENTS = YES;
				CLANG_WARN_EMPTY_BODY = YES;
				CLANG_WARN_ENUM_CONVERSION = YES;
				CLANG_WARN_INFINITE_RECURSION = YES;
				CLANG_WARN_INT_CONVERSION = YES;
				CLANG_WARN_NON_LITERAL_NULL_CONVERSION = YES;
				CLANG_WARN_OBJC_IMPLICIT_RETAIN_SELF = YES;
				CLANG_WARN_OBJC_LITERAL_CONVERSION = YES;
				CLANG_WARN_OBJC_ROOT_CLASS = YES_ERROR;
				CLANG_WARN_RANGE_LOOP_ANALYSIS = YES;
				CLANG_WARN_STRICT_PROTOTYPES = YES;
				CLANG_WARN_SUSPICIOUS_MOVE = YES;
				CLANG_WARN_UNGUARDED_AVAILABILITY = YES_AGGRESSIVE;
				CLANG_WARN_UNREACHABLE_CODE = YES;
				CLANG_WARN__DUPLICATE_METHOD_MATCH = YES;
				CODE_SIGN_IDENTITY = "iPhone Developer";
				COPY_PHASE_STRIP = NO;
				DEBUG_INFORMATION_FORMAT = dwarf;
				ENABLE_STRICT_OBJC_MSGSEND = YES;
				ENABLE_TESTABILITY = YES;
				GCC_C_LANGUAGE_STANDARD = gnu11;
				GCC_DYNAMIC_NO_PIC = NO;
				GCC_NO_COMMON_BLOCKS = YES;
				GCC_OPTIMIZATION_LEVEL = 0;
				GCC_PREPROCESSOR_DEFINITIONS = (
					"DEBUG=1",
					"$(inherited)",
				);
				GCC_WARN_64_TO_32_BIT_CONVERSION = YES;
				GCC_WARN_ABOUT_RETURN_TYPE = YES_ERROR;
				GCC_WARN_UNDECLARED_SELECTOR = YES;
				GCC_WARN_UNINITIALIZED_AUTOS = YES_AGGRESSIVE;
				GCC_WARN_UNUSED_FUNCTION = YES;
				GCC_WARN_UNUSED_VARIABLE = YES;
				IPHONEOS_DEPLOYMENT_TARGET = 11.0;
				MTL_ENABLE_DEBUG_INFO = YES;
				ONLY_ACTIVE_ARCH = YES;
				SDKROOT = iphoneos;
				SWIFT_ACTIVE_COMPILATION_CONDITIONS = DEBUG;
				SWIFT_OPTIMIZATION_LEVEL = "-Onone";
			};
			name = Debug;
		};
		74B79265202B3254006BCB41 /* Release */ = {
			isa = XCBuildConfiguration;
			buildSettings = {
				ALWAYS_SEARCH_USER_PATHS = NO;
				BUILD_LIBRARY_FOR_DISTRIBUTION = YES;
				CLANG_ANALYZER_NONNULL = YES;
				CLANG_ANALYZER_NUMBER_OBJECT_CONVERSION = YES_AGGRESSIVE;
				CLANG_CXX_LANGUAGE_STANDARD = "gnu++14";
				CLANG_CXX_LIBRARY = "libc++";
				CLANG_ENABLE_MODULES = YES;
				CLANG_ENABLE_OBJC_ARC = YES;
				CLANG_WARN_BLOCK_CAPTURE_AUTORELEASING = YES;
				CLANG_WARN_BOOL_CONVERSION = YES;
				CLANG_WARN_COMMA = YES;
				CLANG_WARN_CONSTANT_CONVERSION = YES;
				CLANG_WARN_DEPRECATED_OBJC_IMPLEMENTATIONS = YES;
				CLANG_WARN_DIRECT_OBJC_ISA_USAGE = YES_ERROR;
				CLANG_WARN_DOCUMENTATION_COMMENTS = YES;
				CLANG_WARN_EMPTY_BODY = YES;
				CLANG_WARN_ENUM_CONVERSION = YES;
				CLANG_WARN_INFINITE_RECURSION = YES;
				CLANG_WARN_INT_CONVERSION = YES;
				CLANG_WARN_NON_LITERAL_NULL_CONVERSION = YES;
				CLANG_WARN_OBJC_IMPLICIT_RETAIN_SELF = YES;
				CLANG_WARN_OBJC_LITERAL_CONVERSION = YES;
				CLANG_WARN_OBJC_ROOT_CLASS = YES_ERROR;
				CLANG_WARN_RANGE_LOOP_ANALYSIS = YES;
				CLANG_WARN_STRICT_PROTOTYPES = YES;
				CLANG_WARN_SUSPICIOUS_MOVE = YES;
				CLANG_WARN_UNGUARDED_AVAILABILITY = YES_AGGRESSIVE;
				CLANG_WARN_UNREACHABLE_CODE = YES;
				CLANG_WARN__DUPLICATE_METHOD_MATCH = YES;
				CODE_SIGN_IDENTITY = "iPhone Developer";
				COPY_PHASE_STRIP = NO;
				DEBUG_INFORMATION_FORMAT = "dwarf-with-dsym";
				ENABLE_NS_ASSERTIONS = NO;
				ENABLE_STRICT_OBJC_MSGSEND = YES;
				GCC_C_LANGUAGE_STANDARD = gnu11;
				GCC_NO_COMMON_BLOCKS = YES;
				GCC_WARN_64_TO_32_BIT_CONVERSION = YES;
				GCC_WARN_ABOUT_RETURN_TYPE = YES_ERROR;
				GCC_WARN_UNDECLARED_SELECTOR = YES;
				GCC_WARN_UNINITIALIZED_AUTOS = YES_AGGRESSIVE;
				GCC_WARN_UNUSED_FUNCTION = YES;
				GCC_WARN_UNUSED_VARIABLE = YES;
				IPHONEOS_DEPLOYMENT_TARGET = 11.0;
				MTL_ENABLE_DEBUG_INFO = NO;
				SDKROOT = iphoneos;
				SWIFT_COMPILATION_MODE = wholemodule;
				SWIFT_OPTIMIZATION_LEVEL = "-O";
				VALIDATE_PRODUCT = YES;
			};
			name = Release;
		};
		74B79267202B3254006BCB41 /* Debug */ = {
			isa = XCBuildConfiguration;
			buildSettings = {
				ASSETCATALOG_COMPILER_APPICON_NAME = AppIcon;
				BUILD_LIBRARY_FOR_DISTRIBUTION = NO;
				CODE_SIGN_IDENTITY = "iPhone Developer";
				"CODE_SIGN_IDENTITY[sdk=iphoneos*]" = "iPhone Developer";
				CODE_SIGN_STYLE = Automatic;
				DEVELOPMENT_TEAM = HPK5P2C2Q2;
				ENABLE_BITCODE = NO;
				ENABLE_HARDENED_RUNTIME = NO;
				FRAMEWORK_SEARCH_PATHS = (
					"$(inherited)",
					"$(PROJECT_DIR)",
					"$(PROJECT_DIR)/Carthage/Build/iOS",
				);
				INFOPLIST_FILE = "$(SRCROOT)/Course3FinalTask/Supporting Files/Info.plist";
				LD_RUNPATH_SEARCH_PATHS = (
					"$(inherited)",
					"@executable_path/Frameworks",
				);
				ONLY_ACTIVE_ARCH = YES;
				PRODUCT_BUNDLE_IDENTIFIER = "com.e-legion.Course3FinalTask";
				PRODUCT_NAME = "$(TARGET_NAME)";
				PROVISIONING_PROFILE_SPECIFIER = "";
				SWIFT_VERSION = 5.0;
				TARGETED_DEVICE_FAMILY = 1;
				VALID_ARCHS = "$(VALID_ARCHS)";
			};
			name = Debug;
		};
		74B79268202B3254006BCB41 /* Release */ = {
			isa = XCBuildConfiguration;
			buildSettings = {
				ASSETCATALOG_COMPILER_APPICON_NAME = AppIcon;
				BUILD_LIBRARY_FOR_DISTRIBUTION = NO;
				CODE_SIGN_IDENTITY = "iPhone Developer";
				"CODE_SIGN_IDENTITY[sdk=iphoneos*]" = "iPhone Developer";
				CODE_SIGN_STYLE = Automatic;
				DEVELOPMENT_TEAM = HPK5P2C2Q2;
				ENABLE_BITCODE = NO;
				ENABLE_HARDENED_RUNTIME = NO;
				FRAMEWORK_SEARCH_PATHS = (
					"$(inherited)",
					"$(PROJECT_DIR)",
					"$(PROJECT_DIR)/Carthage/Build/iOS",
				);
				INFOPLIST_FILE = "$(SRCROOT)/Course3FinalTask/Supporting Files/Info.plist";
				LD_RUNPATH_SEARCH_PATHS = (
					"$(inherited)",
					"@executable_path/Frameworks",
				);
				ONLY_ACTIVE_ARCH = YES;
				PRODUCT_BUNDLE_IDENTIFIER = "com.e-legion.Course3FinalTask";
				PRODUCT_NAME = "$(TARGET_NAME)";
				PROVISIONING_PROFILE_SPECIFIER = "";
				SWIFT_VERSION = 5.0;
				TARGETED_DEVICE_FAMILY = 1;
				VALID_ARCHS = "$(VALID_ARCHS)";
			};
			name = Release;
		};
/* End XCBuildConfiguration section */

/* Begin XCConfigurationList section */
		74B7924F202B3254006BCB41 /* Build configuration list for PBXProject "Course3FinalTask" */ = {
			isa = XCConfigurationList;
			buildConfigurations = (
				74B79264202B3254006BCB41 /* Debug */,
				74B79265202B3254006BCB41 /* Release */,
			);
			defaultConfigurationIsVisible = 0;
			defaultConfigurationName = Release;
		};
		74B79266202B3254006BCB41 /* Build configuration list for PBXNativeTarget "Course3FinalTask" */ = {
			isa = XCConfigurationList;
			buildConfigurations = (
				74B79267202B3254006BCB41 /* Debug */,
				74B79268202B3254006BCB41 /* Release */,
			);
			defaultConfigurationIsVisible = 0;
			defaultConfigurationName = Release;
		};
/* End XCConfigurationList section */

/* Begin XCRemoteSwiftPackageReference section */
		41DA425F249A4CB30001A569 /* XCRemoteSwiftPackageReference "Kingfisher" */ = {
			isa = XCRemoteSwiftPackageReference;
			repositoryURL = "https://github.com/onevcat/Kingfisher.git";
			requirement = {
				kind = upToNextMajorVersion;
				minimumVersion = 5.8.0;
			};
		};
/* End XCRemoteSwiftPackageReference section */

/* Begin XCSwiftPackageProductDependency section */
		41DA426C249A52000001A569 /* Kingfisher */ = {
			isa = XCSwiftPackageProductDependency;
			package = 41DA425F249A4CB30001A569 /* XCRemoteSwiftPackageReference "Kingfisher" */;
			productName = Kingfisher;
		};
/* End XCSwiftPackageProductDependency section */
	};
	rootObject = 74B7924C202B3254006BCB41 /* Project object */;
}
